
Microsoft Visual Studio Solution File, Format Version 12.00
# Visual Studio Version 16
VisualStudioVersion = 16.0.30804.86
MinimumVisualStudioVersion = 10.0.40219.1
Project("{FAE04EC0-301F-11D3-BF4B-00C04F79EFBC}") = "myffplay", "myffplay\myffplay.csproj", "{A633CF15-16F9-445A-806E-9222D82949BA}"
EndProject
Global
	GlobalSection(SolutionConfigurationPlatforms) = preSolution
		Debug|Any CPU = Debug|Any CPU
		Debug|x64 = Debug|x64
		Release|Any CPU = Release|Any CPU
		Release|x64 = Release|x64
	EndGlobalSection
	GlobalSection(ProjectConfigurationPlatforms) = postSolution
		{A633CF15-16F9-445A-806E-9222D82949BA}.Debug|Any CPU.ActiveCfg = Debug|Any CPU
		{A633CF15-16F9-445A-806E-9222D82949BA}.Debug|Any CPU.Build.0 = Debug|Any CPU
		{A633CF15-16F9-445A-806E-9222D82949BA}.Debug|x64.ActiveCfg = Debug|x64
		{A633CF15-16F9-445A-806E-9222D82949BA}.Debug|x64.Build.0 = Debug|x64
		{A633CF15-16F9-445A-806E-9222D82949BA}.Release|Any CPU.ActiveCfg = Release|Any CPU
		{A633CF15-16F9-445A-806E-9222D82949BA}.Release|Any CPU.Build.0 = Release|Any CPU
		{A633CF15-16F9-445A-806E-9222D82949BA}.Release|x64.ActiveCfg = Release|x64
		{A633CF15-16F9-445A-806E-9222D82949BA}.Release|x64.Build.0 = Release|x64
	EndGlobalSection
	GlobalSection(SolutionProperties) = preSolution
		HideSolutionNode = FALSE
	EndGlobalSection
	GlobalSection(ExtensibilityGlobals) = postSolution
		SolutionGuid = {E8E22DF2-4D97-41F6-A44E-4622D8E872D2}
	EndGlobalSection
EndGlobal
